<Solution>
  <Folder Name="/src/">
    <Project Path="src/Kawadar.Api/Kawadar.Api.csproj" />
  </Folder>
  <Folder Name="/src/kawadar.application/">
    <Project Path="src/kawadar.application/Kawadar.Application.csproj" />
  </Folder>
  <Folder Name="/src/kawadar.domain/">
    <Project Path="src/kawadar.domain/Kawadar.Domain.csproj" />
  </Folder>
  <Folder Name="/src/kawadar.infrastructure/">
    <Project Path="src/kawadar.infrastructure/Kawadar.Infrastructure.csproj" />
  </Folder>
  <Folder Name="/tests/">
    <Project Path="tests/kawadar.Api.IntegrationTests/kawadar.Api.IntegrationTests.csproj" />
    <Project Path="tests/kawadar.Application.SubcutaneousTests/kawadar.Application.SubcutaneousTests.csproj" />
    <Project Path="tests/Kawadar.Application.UnitTests/Kawadar.Application.UnitTests.csproj" />
    <Project Path="tests/kawadar.Domain.UnitTests/kawadar.Domain.UnitTests.csproj" />
    <Project Path="tests/Kawadar.Tests.Common/Kawadar.Tests.Common.csproj" />
  </Folder>
</Solution>
